%{"erlexec": {:git, "https://github.com/saleyn/erlexec", "1790d0729d20493b7c4e89a3f1b4e9e17d177820", []},
  "porcelain": {:git, "https://github.com/alco/porcelain", "68048a5e7239a4874be4a3f0d34839d5d93071e8", []},
  "sh": {:git, "https://github.com/devinus/sh", "edfc89cfba84484ae1d0f0da5ab579b773227e8b", [tag: "1.1.1"]}}
